PODS:
  - Flutter (1.0.0)
  - MTBBarcodeScanner (5.0.11)
  - qrscan (0.0.1):
    - Flutter
    - MTBBarcodeScanner

DEPENDENCIES:
  - Flutter (from `Flutter`)
  - qrscan (from `.symlinks/plugins/qrscan/ios`)

SPEC REPOS:
  trunk:
    - MTBBarcodeScanner

EXTERNAL SOURCES:
  Flutter:
    :path: Flutter
  qrscan:
    :path: ".symlinks/plugins/qrscan/ios"

SPEC CHECKSUMS:
  Flutter: 0e3d915762c693b495b44d77113d4970485de6ec
  MTBBarcodeScanner: f453b33c4b7dfe545d8c6484ed744d55671788cb
  qrscan: ee533ad61c5edef8bc37273c43e51ac077240bcd

PODFILE CHECKSUM: aafe91acc616949ddb318b77800a7f51bffa2a4c

COCOAPODS: 1.8.3
